PODS:
  - FacebookCore (0.9.0):
    - FBSDKCoreKit (~> 5.0)
  - FacebookLogin (0.9.0):
    - FacebookCore (~> 0.9.0)
    - FBSDKCoreKit (~> 5.0)
    - FBSDKLoginKit (~> 5.0)
  - FBSDKCoreKit (5.14.0):
    - FBSDKCoreKit/Basics (= 5.14.0)
    - FBSDKCoreKit/Core (= 5.14.0)
  - FBSDKCoreKit/Basics (5.14.0)
  - FBSDKCoreKit/Core (5.14.0):
    - FBSDKCoreKit/Basics
  - FBSDKLoginKit (5.14.0):
    - FBSDKLoginKit/Login (= 5.14.0)
  - FBSDKLoginKit/Login (5.14.0):
    - FBSDKCoreKit (~> 5.0)

DEPENDENCIES:
  - FacebookCore
  - FacebookLogin

SPEC REPOS:
  trunk:
    - FacebookCore
    - FacebookLogin
    - FBSDKCoreKit
    - FBSDKLoginKit

SPEC CHECKSUMS:
  FacebookCore: ba86524b66cfa86d0f8e65d08faa8504a9f732dd
  FacebookLogin: 6cee9fd6e1fe976fe8f7eec199e27b28b14f5d63
  FBSDKCoreKit: a72c8d2c42aa4c4d5eaa5f160be9580750f70d2e
  FBSDKLoginKit: 89f3c2f8be892ec8a5359619a8ff657578d47604

PODFILE CHECKSUM: bf4d52d1a2e44c9381f385108ce53ff646503e1d

COCOAPODS: 1.8.4
